# This file is automatically @generated by Cargo.
# It is not intended for manual editing.
version = 4

[[package]]
name = "as_repr"
version = "1.12.0"
source = "registry+https://github.com/rust-lang/crates.io-index"
checksum = "47be457a8e8ab72079bebae071f4fbc121351acb55c4725f1aa8ea2d566a7a99"
dependencies = [
 "as_repr-core",
]

[[package]]
name = "as_repr-core"
version = "1.12.0"
source = "registry+https://github.com/rust-lang/crates.io-index"
checksum = "25a65bc28b34ea388af87ebbfc850269f475643eb2d3c607dee1b3d03e74ade9"

[[package]]
name = "pasts"
version = "0.14.3"
source = "registry+https://github.com/rust-lang/crates.io-index"
checksum = "efcd36303871fb977a47dabc9af736c75c492bb32a92fa26262b2741531e97ce"

[[package]]
name = "projections"
version = "1.1.1"
dependencies = [
 "as_repr",
 "pasts",
]
